PODS:
  - Result (3.2.3)
  - RxCocoa (3.5.0):
    - RxSwift (~> 3.4)
  - RxSwift (3.5.0)
  - TwitterCore (3.0.0)
  - TwitterKit (3.0.3):
    - TwitterCore (>= 3.0.0)

DEPENDENCIES:
  - Result
  - RxCocoa
  - RxSwift
  - TwitterKit

SPEC CHECKSUMS:
  Result: 128640a6347e8d2ae48b142556739a2d13f90ce6
  RxCocoa: a0a09f45d0e5b48ecb6a4a7b4b4c89c88d3f633f
  RxSwift: 18ee9d78b45edb3b0b7e79916b47a116e6dbc842
  TwitterCore: 8ce250be1eb34633a0e6acc89520d4165ec52c10
  TwitterKit: 202404be71aadd81d19f677b34579fe77d9cb67e

PODFILE CHECKSUM: c185819e070f1419417b7759333aa99226347fab

COCOAPODS: 1.2.1
